
Microsoft Visual Studio Solution File, Format Version 12.00
# Visual Studio Version 17
VisualStudioVersion = 17.9.34701.34
MinimumVisualStudioVersion = 10.0.40219.1
Project("{FAE04EC0-301F-11D3-BF4B-00C04F79EFBC}") = "jwt", "jwt\jwt.csproj", "{22CDD05D-1390-495D-9464-9904223C5CC5}"
EndProject
Global
	GlobalSection(SolutionConfigurationPlatforms) = preSolution
		Debug|Any CPU = Debug|Any CPU
		Release|Any CPU = Release|Any CPU
	EndGlobalSection
	GlobalSection(ProjectConfigurationPlatforms) = postSolution
		{22CDD05D-1390-495D-9464-9904223C5CC5}.Debug|Any CPU.ActiveCfg = Debug|Any CPU
		{22CDD05D-1390-495D-9464-9904223C5CC5}.Debug|Any CPU.Build.0 = Debug|Any CPU
		{22CDD05D-1390-495D-9464-9904223C5CC5}.Release|Any CPU.ActiveCfg = Release|Any CPU
		{22CDD05D-1390-495D-9464-9904223C5CC5}.Release|Any CPU.Build.0 = Release|Any CPU
	EndGlobalSection
	GlobalSection(SolutionProperties) = preSolution
		HideSolutionNode = FALSE
	EndGlobalSection
	GlobalSection(ExtensibilityGlobals) = postSolution
		SolutionGuid = {D3DF24B8-F710-4E64-AD56-87E256470062}
	EndGlobalSection
EndGlobal
