
Microsoft Visual Studio Solution File, Format Version 12.00
# Visual Studio Version 17
VisualStudioVersion = 17.9.34701.34
MinimumVisualStudioVersion = 10.0.40219.1
Project("{FAE04EC0-301F-11D3-BF4B-00C04F79EFBC}") = "MVCProject", "MVCProject\MVCProject.csproj", "{C88484AD-FAFC-461A-A090-8F9033022C84}"
EndProject
Global
	GlobalSection(SolutionConfigurationPlatforms) = preSolution
		Debug|Any CPU = Debug|Any CPU
		Release|Any CPU = Release|Any CPU
	EndGlobalSection
	GlobalSection(ProjectConfigurationPlatforms) = postSolution
		{C88484AD-FAFC-461A-A090-8F9033022C84}.Debug|Any CPU.ActiveCfg = Debug|Any CPU
		{C88484AD-FAFC-461A-A090-8F9033022C84}.Debug|Any CPU.Build.0 = Debug|Any CPU
		{C88484AD-FAFC-461A-A090-8F9033022C84}.Release|Any CPU.ActiveCfg = Release|Any CPU
		{C88484AD-FAFC-461A-A090-8F9033022C84}.Release|Any CPU.Build.0 = Release|Any CPU
	EndGlobalSection
	GlobalSection(SolutionProperties) = preSolution
		HideSolutionNode = FALSE
	EndGlobalSection
	GlobalSection(ExtensibilityGlobals) = postSolution
		SolutionGuid = {C5C26E0F-24AB-46E0-B4C6-441AC6D8744D}
	EndGlobalSection
EndGlobal
