
Microsoft Visual Studio Solution File, Format Version 12.00
# Visual Studio Version 17
VisualStudioVersion = 17.9.34701.34
MinimumVisualStudioVersion = 10.0.40219.1
Project("{FAE04EC0-301F-11D3-BF4B-00C04F79EFBC}") = "TestProject", "TestProject\TestProject.csproj", "{B89899C1-ADCD-42C3-BD16-F8883294259E}"
EndProject
Global
	GlobalSection(SolutionConfigurationPlatforms) = preSolution
		Debug|Any CPU = Debug|Any CPU
		Release|Any CPU = Release|Any CPU
	EndGlobalSection
	GlobalSection(ProjectConfigurationPlatforms) = postSolution
		{B89899C1-ADCD-42C3-BD16-F8883294259E}.Debug|Any CPU.ActiveCfg = Debug|Any CPU
		{B89899C1-ADCD-42C3-BD16-F8883294259E}.Debug|Any CPU.Build.0 = Debug|Any CPU
		{B89899C1-ADCD-42C3-BD16-F8883294259E}.Release|Any CPU.ActiveCfg = Release|Any CPU
		{B89899C1-ADCD-42C3-BD16-F8883294259E}.Release|Any CPU.Build.0 = Release|Any CPU
	EndGlobalSection
	GlobalSection(SolutionProperties) = preSolution
		HideSolutionNode = FALSE
	EndGlobalSection
	GlobalSection(ExtensibilityGlobals) = postSolution
		SolutionGuid = {F5227194-44C0-4F51-9D57-F350EE50A646}
	EndGlobalSection
EndGlobal
